
Microsoft Visual Studio Solution File, Format Version 12.00
# Visual Studio Version 17
VisualStudioVersion = 17.9.34728.123
MinimumVisualStudioVersion = 10.0.40219.1
Project("{8BC9CEB8-8B4A-11D0-8D11-00A0C91BC942}") = "PS22_YoshizawaTatsuhiko_2024T2", "PS22_YoshizawaTatsuhiko_2024T2\PS22_YoshizawaTatsuhiko_2024T2.vcxproj", "{6DEFE34C-13BF-42DB-B8C0-8D0C954E8CB1}"
EndProject
Global
	GlobalSection(SolutionConfigurationPlatforms) = preSolution
		Debug|x64 = Debug|x64
		Release|x64 = Release|x64
	EndGlobalSection
	GlobalSection(ProjectConfigurationPlatforms) = postSolution
		{6DEFE34C-13BF-42DB-B8C0-8D0C954E8CB1}.Debug|x64.ActiveCfg = Debug|x64
		{6DEFE34C-13BF-42DB-B8C0-8D0C954E8CB1}.Debug|x64.Build.0 = Debug|x64
		{6DEFE34C-13BF-42DB-B8C0-8D0C954E8CB1}.Release|x64.ActiveCfg = Release|x64
		{6DEFE34C-13BF-42DB-B8C0-8D0C954E8CB1}.Release|x64.Build.0 = Release|x64
	EndGlobalSection
	GlobalSection(SolutionProperties) = preSolution
		HideSolutionNode = FALSE
	EndGlobalSection
	GlobalSection(ExtensibilityGlobals) = postSolution
		SolutionGuid = {FECAE5CF-B42B-4105-BF09-B87DB8073BFA}
	EndGlobalSection
EndGlobal
